
Microsoft Visual Studio Solution File, Format Version 12.00
# Visual Studio Version 17
VisualStudioVersion = 17.2.32616.157
MinimumVisualStudioVersion = 10.0.40219.1
Project("{8BC9CEB8-8B4A-11D0-8D11-00A0C91BC942}") = "Cherno_enum", "Cherno_enum\Cherno_enum.vcxproj", "{AD44AE5C-39CD-4015-A60E-924A981B39FF}"
EndProject
Global
	GlobalSection(SolutionConfigurationPlatforms) = preSolution
		Debug|x64 = Debug|x64
		Debug|x86 = Debug|x86
		Release|x64 = Release|x64
		Release|x86 = Release|x86
	EndGlobalSection
	GlobalSection(ProjectConfigurationPlatforms) = postSolution
		{AD44AE5C-39CD-4015-A60E-924A981B39FF}.Debug|x64.ActiveCfg = Debug|x64
		{AD44AE5C-39CD-4015-A60E-924A981B39FF}.Debug|x64.Build.0 = Debug|x64
		{AD44AE5C-39CD-4015-A60E-924A981B39FF}.Debug|x86.ActiveCfg = Debug|Win32
		{AD44AE5C-39CD-4015-A60E-924A981B39FF}.Debug|x86.Build.0 = Debug|Win32
		{AD44AE5C-39CD-4015-A60E-924A981B39FF}.Release|x64.ActiveCfg = Release|x64
		{AD44AE5C-39CD-4015-A60E-924A981B39FF}.Release|x64.Build.0 = Release|x64
		{AD44AE5C-39CD-4015-A60E-924A981B39FF}.Release|x86.ActiveCfg = Release|Win32
		{AD44AE5C-39CD-4015-A60E-924A981B39FF}.Release|x86.Build.0 = Release|Win32
	EndGlobalSection
	GlobalSection(SolutionProperties) = preSolution
		HideSolutionNode = FALSE
	EndGlobalSection
	GlobalSection(ExtensibilityGlobals) = postSolution
		SolutionGuid = {9BC66ADE-4D4D-4082-82D6-182A9EC61078}
	EndGlobalSection
EndGlobal
